{
  "lockfileVersion": 1,
  "workspaces": {
    "": {
      "name": "tw-animate",
      "peerDependencies": {
        "tailwindcss": "^4",
      },
    },
  },
  "packages": {
    "tailwindcss": ["tailwindcss@4.1.14", "", {}, "sha512-b7pCxjGO98LnxVkKjaZSDeNuljC4ueKUddjENJOADtubtdo8llTaJy7HwBMeLNSSo2N5QIAgklslK1+Ir8r6CA=="],
  }
}
